
Microsoft Visual Studio Solution File, Format Version 12.00
# Visual Studio Version 16
VisualStudioVersion = 16.0.30711.63
MinimumVisualStudioVersion = 10.0.40219.1
Project("{FAE04EC0-301F-11D3-BF4B-00C04F79EFBC}") = "NAudioPlayer", "NAudioPlayer\NAudioPlayer.csproj", "{CF5ABB5C-1874-4B3B-B8D8-94F4D4A38B82}"
EndProject
Global
	GlobalSection(SolutionConfigurationPlatforms) = preSolution
		Debug|Any CPU = Debug|Any CPU
		Release|Any CPU = Release|Any CPU
	EndGlobalSection
	GlobalSection(ProjectConfigurationPlatforms) = postSolution
		{CF5ABB5C-1874-4B3B-B8D8-94F4D4A38B82}.Debug|Any CPU.ActiveCfg = Debug|Any CPU
		{CF5ABB5C-1874-4B3B-B8D8-94F4D4A38B82}.Debug|Any CPU.Build.0 = Debug|Any CPU
		{CF5ABB5C-1874-4B3B-B8D8-94F4D4A38B82}.Release|Any CPU.ActiveCfg = Release|Any CPU
		{CF5ABB5C-1874-4B3B-B8D8-94F4D4A38B82}.Release|Any CPU.Build.0 = Release|Any CPU
	EndGlobalSection
	GlobalSection(SolutionProperties) = preSolution
		HideSolutionNode = FALSE
	EndGlobalSection
	GlobalSection(ExtensibilityGlobals) = postSolution
		SolutionGuid = {75C2F415-A9E4-4AFD-8417-322A7CF50383}
	EndGlobalSection
EndGlobal
